
Microsoft Visual Studio Solution File, Format Version 12.00
# Visual Studio 2012
Project("{FAE04EC0-301F-11D3-BF4B-00C04F79EFBC}") = "EndUserCustomizations", "EndUserCustomizations.csproj", "{AB9F8D16-EC11-4A48-A3B2-229B5C52AC5A}"
EndProject
Global
	GlobalSection(SolutionConfigurationPlatforms) = preSolution
		Debug|Any CPU = Debug|Any CPU
		Release|Any CPU = Release|Any CPU
	EndGlobalSection
	GlobalSection(ProjectConfigurationPlatforms) = postSolution
		{AB9F8D16-EC11-4A48-A3B2-229B5C52AC5A}.Debug|Any CPU.ActiveCfg = Debug|Any CPU
		{AB9F8D16-EC11-4A48-A3B2-229B5C52AC5A}.Debug|Any CPU.Build.0 = Debug|Any CPU
		{AB9F8D16-EC11-4A48-A3B2-229B5C52AC5A}.Release|Any CPU.ActiveCfg = Release|Any CPU
		{AB9F8D16-EC11-4A48-A3B2-229B5C52AC5A}.Release|Any CPU.Build.0 = Release|Any CPU
	EndGlobalSection
	GlobalSection(SolutionProperties) = preSolution
		HideSolutionNode = FALSE
	EndGlobalSection
EndGlobal
